
Microsoft Visual Studio Solution File, Format Version 12.00
# Visual Studio Version 16
VisualStudioVersion = 16.0.29009.5
MinimumVisualStudioVersion = 10.0.40219.1
Project("{FAE04EC0-301F-11D3-BF4B-00C04F79EFBC}") = "WebSocketServer", "WebServer\WebSocketServer.csproj", "{B6F82AE3-BFC4-4E22-B084-AED3A436928C}"
EndProject
Project("{FAE04EC0-301F-11D3-BF4B-00C04F79EFBC}") = "TestThread", "TestThread\TestThread.csproj", "{EB5CA20C-7F54-4B8D-B1A0-0683859FF83A}"
EndProject
Project("{FAE04EC0-301F-11D3-BF4B-00C04F79EFBC}") = "WebSocketTest", "WebSocketTest\WebSocketTest.csproj", "{4EB38737-21C3-400F-B00E-E9B5C42E01FC}"
EndProject
Project("{FAE04EC0-301F-11D3-BF4B-00C04F79EFBC}") = "WebSocketClient", "WebSocketClient\WebSocketClient.csproj", "{EF3FB7E7-CEAA-4B79-9E1D-D8FEE43F5A38}"
EndProject
Project("{FAE04EC0-301F-11D3-BF4B-00C04F79EFBC}") = "WebSocketServer v2 (Moduled)", "WebSocketServer v2 (Moduled)\WebSocketServer v2 (Moduled).csproj", "{30EB4828-3193-4C9F-AD59-191D4CD39741}"
EndProject
Project("{FAE04EC0-301F-11D3-BF4B-00C04F79EFBC}") = "WSServerLib", "WSServerLib\WSServerLib.csproj", "{19170D8E-3D58-4D78-86D6-2BD99AE5B04D}"
EndProject
Project("{FAE04EC0-301F-11D3-BF4B-00C04F79EFBC}") = "TestBitOperations", "TestBitOperations\TestBitOperations.csproj", "{4CC9D098-5C39-4453-A242-45746564B0E4}"
EndProject
Project("{FAE04EC0-301F-11D3-BF4B-00C04F79EFBC}") = "ByteManager", "ByteManager\ByteManager.csproj", "{1E651BD7-9D91-4AD2-AE98-08F1BCCB0C20}"
EndProject
Project("{FAE04EC0-301F-11D3-BF4B-00C04F79EFBC}") = "WSServer2019", "WSServer2019\WSServer2019.csproj", "{C9BAA0F1-7681-4F96-B9C7-EEA261A72C14}"
EndProject
Global
	GlobalSection(SolutionConfigurationPlatforms) = preSolution
		Debug|Any CPU = Debug|Any CPU
		Release|Any CPU = Release|Any CPU
	EndGlobalSection
	GlobalSection(ProjectConfigurationPlatforms) = postSolution
		{B6F82AE3-BFC4-4E22-B084-AED3A436928C}.Debug|Any CPU.ActiveCfg = Debug|Any CPU
		{B6F82AE3-BFC4-4E22-B084-AED3A436928C}.Debug|Any CPU.Build.0 = Debug|Any CPU
		{B6F82AE3-BFC4-4E22-B084-AED3A436928C}.Release|Any CPU.ActiveCfg = Release|Any CPU
		{B6F82AE3-BFC4-4E22-B084-AED3A436928C}.Release|Any CPU.Build.0 = Release|Any CPU
		{EB5CA20C-7F54-4B8D-B1A0-0683859FF83A}.Debug|Any CPU.ActiveCfg = Debug|Any CPU
		{EB5CA20C-7F54-4B8D-B1A0-0683859FF83A}.Debug|Any CPU.Build.0 = Debug|Any CPU
		{EB5CA20C-7F54-4B8D-B1A0-0683859FF83A}.Release|Any CPU.ActiveCfg = Release|Any CPU
		{EB5CA20C-7F54-4B8D-B1A0-0683859FF83A}.Release|Any CPU.Build.0 = Release|Any CPU
		{4EB38737-21C3-400F-B00E-E9B5C42E01FC}.Debug|Any CPU.ActiveCfg = Debug|Any CPU
		{4EB38737-21C3-400F-B00E-E9B5C42E01FC}.Debug|Any CPU.Build.0 = Debug|Any CPU
		{4EB38737-21C3-400F-B00E-E9B5C42E01FC}.Release|Any CPU.ActiveCfg = Release|Any CPU
		{4EB38737-21C3-400F-B00E-E9B5C42E01FC}.Release|Any CPU.Build.0 = Release|Any CPU
		{EF3FB7E7-CEAA-4B79-9E1D-D8FEE43F5A38}.Debug|Any CPU.ActiveCfg = Debug|Any CPU
		{EF3FB7E7-CEAA-4B79-9E1D-D8FEE43F5A38}.Debug|Any CPU.Build.0 = Debug|Any CPU
		{EF3FB7E7-CEAA-4B79-9E1D-D8FEE43F5A38}.Release|Any CPU.ActiveCfg = Release|Any CPU
		{EF3FB7E7-CEAA-4B79-9E1D-D8FEE43F5A38}.Release|Any CPU.Build.0 = Release|Any CPU
		{30EB4828-3193-4C9F-AD59-191D4CD39741}.Debug|Any CPU.ActiveCfg = Debug|Any CPU
		{30EB4828-3193-4C9F-AD59-191D4CD39741}.Debug|Any CPU.Build.0 = Debug|Any CPU
		{30EB4828-3193-4C9F-AD59-191D4CD39741}.Release|Any CPU.ActiveCfg = Release|Any CPU
		{30EB4828-3193-4C9F-AD59-191D4CD39741}.Release|Any CPU.Build.0 = Release|Any CPU
		{19170D8E-3D58-4D78-86D6-2BD99AE5B04D}.Debug|Any CPU.ActiveCfg = Debug|Any CPU
		{19170D8E-3D58-4D78-86D6-2BD99AE5B04D}.Debug|Any CPU.Build.0 = Debug|Any CPU
		{19170D8E-3D58-4D78-86D6-2BD99AE5B04D}.Release|Any CPU.ActiveCfg = Release|Any CPU
		{19170D8E-3D58-4D78-86D6-2BD99AE5B04D}.Release|Any CPU.Build.0 = Release|Any CPU
		{4CC9D098-5C39-4453-A242-45746564B0E4}.Debug|Any CPU.ActiveCfg = Debug|Any CPU
		{4CC9D098-5C39-4453-A242-45746564B0E4}.Debug|Any CPU.Build.0 = Debug|Any CPU
		{4CC9D098-5C39-4453-A242-45746564B0E4}.Release|Any CPU.ActiveCfg = Release|Any CPU
		{4CC9D098-5C39-4453-A242-45746564B0E4}.Release|Any CPU.Build.0 = Release|Any CPU
		{1E651BD7-9D91-4AD2-AE98-08F1BCCB0C20}.Debug|Any CPU.ActiveCfg = Debug|Any CPU
		{1E651BD7-9D91-4AD2-AE98-08F1BCCB0C20}.Debug|Any CPU.Build.0 = Debug|Any CPU
		{1E651BD7-9D91-4AD2-AE98-08F1BCCB0C20}.Release|Any CPU.ActiveCfg = Release|Any CPU
		{1E651BD7-9D91-4AD2-AE98-08F1BCCB0C20}.Release|Any CPU.Build.0 = Release|Any CPU
		{C9BAA0F1-7681-4F96-B9C7-EEA261A72C14}.Debug|Any CPU.ActiveCfg = Debug|Any CPU
		{C9BAA0F1-7681-4F96-B9C7-EEA261A72C14}.Debug|Any CPU.Build.0 = Debug|Any CPU
		{C9BAA0F1-7681-4F96-B9C7-EEA261A72C14}.Release|Any CPU.ActiveCfg = Release|Any CPU
		{C9BAA0F1-7681-4F96-B9C7-EEA261A72C14}.Release|Any CPU.Build.0 = Release|Any CPU
	EndGlobalSection
	GlobalSection(SolutionProperties) = preSolution
		HideSolutionNode = FALSE
	EndGlobalSection
	GlobalSection(ExtensibilityGlobals) = postSolution
		SolutionGuid = {90F4F4A5-2873-4955-B7B2-00AD037BC910}
	EndGlobalSection
EndGlobal
